// !$*UTF8*$!
{
	archiveVersion = 1;
	classes = {
	};
	objectVersion = 46;
	objects = {

/* Begin PBXBuildFile section */
		222216B51ADBC2A000294F21 /* TwitterImpressions.plist in Resources */ = {isa = PBXBuildFile; fileRef = 222216B41ADBC2A000294F21 /* TwitterImpressions.plist */; };
		222216B71ADBC5D300294F21 /* TwitterStatsData.swift in Sources */ = {isa = PBXBuildFile; fileRef = 222216B61ADBC5D300294F21 /* TwitterStatsData.swift */; };
		222216B91ADBD9A600294F21 /* TwitterStatsChartData.swift in Sources */ = {isa = PBXBuildFile; fileRef = 222216B81ADBD9A600294F21 /* TwitterStatsChartData.swift */; };
		227E6EAA1ADD663800FE3442 /* running-data.plist in Resources */ = {isa = PBXBuildFile; fileRef = 227E6EA91ADD663800FE3442 /* running-data.plist */; };
		227E6EAC1ADD685E00FE3442 /* RunningViewController.swift in Sources */ = {isa = PBXBuildFile; fileRef = 227E6EAB1ADD685E00FE3442 /* RunningViewController.swift */; };
		227E6EAE1ADD697200FE3442 /* RunningChartData.swift in Sources */ = {isa = PBXBuildFile; fileRef = 227E6EAD1ADD697200FE3442 /* RunningChartData.swift */; };
		227E6EB01ADD69A600FE3442 /* RunningData.swift in Sources */ = {isa = PBXBuildFile; fileRef = 227E6EAF1ADD69A600FE3442 /* RunningData.swift */; };
		227E6EB21ADE48A300FE3442 /* FinanceData.swift in Sources */ = {isa = PBXBuildFile; fileRef = 227E6EB11ADE48A300FE3442 /* FinanceData.swift */; };
		227E6EB41ADE4C4F00FE3442 /* SwiftCSV.framework in Frameworks */ = {isa = PBXBuildFile; fileRef = 227E6EB31ADE4C4F00FE3442 /* SwiftCSV.framework */; };
		227E6EB71ADE5E0D00FE3442 /* AAPL.csv in Resources */ = {isa = PBXBuildFile; fileRef = 227E6EB61ADE5E0D00FE3442 /* AAPL.csv */; };
		227E6EB91ADE5E9500FE3442 /* FinanceChartData.swift in Sources */ = {isa = PBXBuildFile; fileRef = 227E6EB81ADE5E9500FE3442 /* FinanceChartData.swift */; };
		227E6EBB1ADE611F00FE3442 /* FinanceViewController.swift in Sources */ = {isa = PBXBuildFile; fileRef = 227E6EBA1ADE611F00FE3442 /* FinanceViewController.swift */; };
		227E6EBF1ADEA19600FE3442 /* healthspark.plist in Resources */ = {isa = PBXBuildFile; fileRef = 227E6EBE1ADEA19600FE3442 /* healthspark.plist */; };
		22A6CCDC1ADBADBC00D70068 /* TwitterStatsViewController.swift in Sources */ = {isa = PBXBuildFile; fileRef = 22A6CCDB1ADBADBC00D70068 /* TwitterStatsViewController.swift */; };
		22A6CCDE1ADBB04C00D70068 /* Security.framework in Frameworks */ = {isa = PBXBuildFile; fileRef = 22A6CCDD1ADBB04C00D70068 /* Security.framework */; };
		22A6CCE01ADBB05100D70068 /* CoreText.framework in Frameworks */ = {isa = PBXBuildFile; fileRef = 22A6CCDF1ADBB05100D70068 /* CoreText.framework */; };
		22A6CCE21ADBB05900D70068 /* libc++.dylib in Frameworks */ = {isa = PBXBuildFile; fileRef = 22A6CCE11ADBB05900D70068 /* libc++.dylib */; };
		22A6CCE41ADBB06000D70068 /* OpenGLES.framework in Frameworks */ = {isa = PBXBuildFile; fileRef = 22A6CCE31ADBB06000D70068 /* OpenGLES.framework */; };
		22A6CCE81ADBB1CC00D70068 /* EmptyDatasourceChart.swift in Sources */ = {isa = PBXBuildFile; fileRef = 22A6CCE71ADBB1CC00D70068 /* EmptyDatasourceChart.swift */; };
		22EDB86C1AD81BFE008515E4 /* AppDelegate.swift in Sources */ = {isa = PBXBuildFile; fileRef = 22EDB86B1AD81BFE008515E4 /* AppDelegate.swift */; };
		22EDB86E1AD81BFE008515E4 /* MasterViewController.swift in Sources */ = {isa = PBXBuildFile; fileRef = 22EDB86D1AD81BFE008515E4 /* MasterViewController.swift */; };
		22EDB8731AD81BFE008515E4 /* Main.storyboard in Resources */ = {isa = PBXBuildFile; fileRef = 22EDB8711AD81BFE008515E4 /* Main.storyboard */; };
		22EDB8751AD81BFE008515E4 /* Images.xcassets in Resources */ = {isa = PBXBuildFile; fileRef = 22EDB8741AD81BFE008515E4 /* Images.xcassets */; };
		22EDB8781AD81BFE008515E4 /* LaunchScreen.xib in Resources */ = {isa = PBXBuildFile; fileRef = 22EDB8761AD81BFE008515E4 /* LaunchScreen.xib */; };
		22EDB8841AD81BFE008515E4 /* StyleGuruTests.swift in Sources */ = {isa = PBXBuildFile; fileRef = 22EDB8831AD81BFE008515E4 /* StyleGuruTests.swift */; };
		22EDB8961AD82219008515E4 /* AppComponents.swift in Sources */ = {isa = PBXBuildFile; fileRef = 22EDB8951AD82219008515E4 /* AppComponents.swift */; };
		22EDB8991AD826D0008515E4 /* ShinobiCharts.framework in Frameworks */ = {isa = PBXBuildFile; fileRef = 22EDB8981AD826D0008515E4 /* ShinobiCharts.framework */; };
/* End PBXBuildFile section */

/* Begin PBXContainerItemProxy section */
		22EDB87E1AD81BFE008515E4 /* PBXContainerItemProxy */ = {
			isa = PBXContainerItemProxy;
			containerPortal = 22EDB85E1AD81BFE008515E4 /* Project object */;
			proxyType = 1;
			remoteGlobalIDString = 22EDB8651AD81BFE008515E4;
			remoteInfo = StyleGuru;
		};
/* End PBXContainerItemProxy section */

/* Begin PBXFileReference section */
		222216B41ADBC2A000294F21 /* TwitterImpressions.plist */ = {isa = PBXFileReference; fileEncoding = 4; lastKnownFileType = text.plist.xml; path = TwitterImpressions.plist; sourceTree = "<group>"; };
		222216B61ADBC5D300294F21 /* TwitterStatsData.swift */ = {isa = PBXFileReference; fileEncoding = 4; lastKnownFileType = sourcecode.swift; path = TwitterStatsData.swift; sourceTree = "<group>"; };
		222216B81ADBD9A600294F21 /* TwitterStatsChartData.swift */ = {isa = PBXFileReference; fileEncoding = 4; lastKnownFileType = sourcecode.swift; path = TwitterStatsChartData.swift; sourceTree = "<group>"; };
		227E6EA91ADD663800FE3442 /* running-data.plist */ = {isa = PBXFileReference; fileEncoding = 4; lastKnownFileType = text.plist.xml; path = "running-data.plist"; sourceTree = "<group>"; };
		227E6EAB1ADD685E00FE3442 /* RunningViewController.swift */ = {isa = PBXFileReference; fileEncoding = 4; lastKnownFileType = sourcecode.swift; path = RunningViewController.swift; sourceTree = "<group>"; };
		227E6EAD1ADD697200FE3442 /* RunningChartData.swift */ = {isa = PBXFileReference; fileEncoding = 4; lastKnownFileType = sourcecode.swift; path = RunningChartData.swift; sourceTree = "<group>"; };
		227E6EAF1ADD69A600FE3442 /* RunningData.swift */ = {isa = PBXFileReference; fileEncoding = 4; lastKnownFileType = sourcecode.swift; path = RunningData.swift; sourceTree = "<group>"; };
		227E6EB11ADE48A300FE3442 /* FinanceData.swift */ = {isa = PBXFileReference; fileEncoding = 4; lastKnownFileType = sourcecode.swift; path = FinanceData.swift; sourceTree = "<group>"; };
		227E6EB31ADE4C4F00FE3442 /* SwiftCSV.framework */ = {isa = PBXFileReference; lastKnownFileType = wrapper.framework; name = SwiftCSV.framework; path = Carthage/Build/iOS/SwiftCSV.framework; sourceTree = "<group>"; };
		227E6EB61ADE5E0D00FE3442 /* AAPL.csv */ = {isa = PBXFileReference; fileEncoding = 4; lastKnownFileType = text; path = AAPL.csv; sourceTree = "<group>"; };
		227E6EB81ADE5E9500FE3442 /* FinanceChartData.swift */ = {isa = PBXFileReference; fileEncoding = 4; lastKnownFileType = sourcecode.swift; path = FinanceChartData.swift; sourceTree = "<group>"; };
		227E6EBA1ADE611F00FE3442 /* FinanceViewController.swift */ = {isa = PBXFileReference; fileEncoding = 4; lastKnownFileType = sourcecode.swift; path = FinanceViewController.swift; sourceTree = "<group>"; };
		227E6EBE1ADEA19600FE3442 /* healthspark.plist */ = {isa = PBXFileReference; fileEncoding = 4; lastKnownFileType = text.plist.xml; path = healthspark.plist; sourceTree = "<group>"; };
		22A6CCDB1ADBADBC00D70068 /* TwitterStatsViewController.swift */ = {isa = PBXFileReference; fileEncoding = 4; lastKnownFileType = sourcecode.swift; path = TwitterStatsViewController.swift; sourceTree = "<group>"; };
		22A6CCDD1ADBB04C00D70068 /* Security.framework */ = {isa = PBXFileReference; lastKnownFileType = wrapper.framework; name = Security.framework; path = System/Library/Frameworks/Security.framework; sourceTree = SDKROOT; };
		22A6CCDF1ADBB05100D70068 /* CoreText.framework */ = {isa = PBXFileReference; lastKnownFileType = wrapper.framework; name = CoreText.framework; path = System/Library/Frameworks/CoreText.framework; sourceTree = SDKROOT; };
		22A6CCE11ADBB05900D70068 /* libc++.dylib */ = {isa = PBXFileReference; lastKnownFileType = "compiled.mach-o.dylib"; name = "libc++.dylib"; path = "usr/lib/libc++.dylib"; sourceTree = SDKROOT; };
		22A6CCE31ADBB06000D70068 /* OpenGLES.framework */ = {isa = PBXFileReference; lastKnownFileType = wrapper.framework; name = OpenGLES.framework; path = System/Library/Frameworks/OpenGLES.framework; sourceTree = SDKROOT; };
		22A6CCE71ADBB1CC00D70068 /* EmptyDatasourceChart.swift */ = {isa = PBXFileReference; fileEncoding = 4; lastKnownFileType = sourcecode.swift; path = EmptyDatasourceChart.swift; sourceTree = "<group>"; };
		22EDB8661AD81BFE008515E4 /* StyleGuru.app */ = {isa = PBXFileReference; explicitFileType = wrapper.application; includeInIndex = 0; path = StyleGuru.app; sourceTree = BUILT_PRODUCTS_DIR; };
		22EDB86A1AD81BFE008515E4 /* Info.plist */ = {isa = PBXFileReference; lastKnownFileType = text.plist.xml; path = Info.plist; sourceTree = "<group>"; };
		22EDB86B1AD81BFE008515E4 /* AppDelegate.swift */ = {isa = PBXFileReference; lastKnownFileType = sourcecode.swift; path = AppDelegate.swift; sourceTree = "<group>"; };
		22EDB86D1AD81BFE008515E4 /* MasterViewController.swift */ = {isa = PBXFileReference; lastKnownFileType = sourcecode.swift; path = MasterViewController.swift; sourceTree = "<group>"; };
		22EDB8721AD81BFE008515E4 /* Base */ = {isa = PBXFileReference; lastKnownFileType = file.storyboard; name = Base; path = Base.lproj/Main.storyboard; sourceTree = "<group>"; };
		22EDB8741AD81BFE008515E4 /* Images.xcassets */ = {isa = PBXFileReference; lastKnownFileType = folder.assetcatalog; path = Images.xcassets; sourceTree = "<group>"; };
		22EDB8771AD81BFE008515E4 /* Base */ = {isa = PBXFileReference; lastKnownFileType = file.xib; name = Base; path = Base.lproj/LaunchScreen.xib; sourceTree = "<group>"; };
		22EDB87D1AD81BFE008515E4 /* StyleGuruTests.xctest */ = {isa = PBXFileReference; explicitFileType = wrapper.cfbundle; includeInIndex = 0; path = StyleGuruTests.xctest; sourceTree = BUILT_PRODUCTS_DIR; };
		22EDB8821AD81BFE008515E4 /* Info.plist */ = {isa = PBXFileReference; lastKnownFileType = text.plist.xml; path = Info.plist; sourceTree = "<group>"; };
		22EDB8831AD81BFE008515E4 /* StyleGuruTests.swift */ = {isa = PBXFileReference; lastKnownFileType = sourcecode.swift; path = StyleGuruTests.swift; sourceTree = "<group>"; };
		22EDB8951AD82219008515E4 /* AppComponents.swift */ = {isa = PBXFileReference; fileEncoding = 4; lastKnownFileType = sourcecode.swift; path = AppComponents.swift; sourceTree = "<group>"; };
		22EDB8981AD826D0008515E4 /* ShinobiCharts.framework */ = {isa = PBXFileReference; lastKnownFileType = wrapper.framework; path = ShinobiCharts.framework; sourceTree = "<group>"; };
/* End PBXFileReference section */

/* Begin PBXFrameworksBuildPhase section */
		22EDB8631AD81BFE008515E4 /* Frameworks */ = {
			isa = PBXFrameworksBuildPhase;
			buildActionMask = 2147483647;
			files = (
				22A6CCE41ADBB06000D70068 /* OpenGLES.framework in Frameworks */,
				227E6EB41ADE4C4F00FE3442 /* SwiftCSV.framework in Frameworks */,
				22A6CCE21ADBB05900D70068 /* libc++.dylib in Frameworks */,
				22A6CCE01ADBB05100D70068 /* CoreText.framework in Frameworks */,
				22A6CCDE1ADBB04C00D70068 /* Security.framework in Frameworks */,
				22EDB8991AD826D0008515E4 /* ShinobiCharts.framework in Frameworks */,
			);
			runOnlyForDeploymentPostprocessing = 0;
		};
		22EDB87A1AD81BFE008515E4 /* Frameworks */ = {
			isa = PBXFrameworksBuildPhase;
			buildActionMask = 2147483647;
			files = (
			);
			runOnlyForDeploymentPostprocessing = 0;
		};
/* End PBXFrameworksBuildPhase section */

/* Begin PBXGroup section */
		22A6CCE61ADBB1A400D70068 /* Chart Extensions */ = {
			isa = PBXGroup;
			children = (
				22A6CCE71ADBB1CC00D70068 /* EmptyDatasourceChart.swift */,
			);
			name = "Chart Extensions";
			sourceTree = "<group>";
		};
		22EDB85D1AD81BFE008515E4 = {
			isa = PBXGroup;
			children = (
				22EDB8681AD81BFE008515E4 /* StyleGuru */,
				22EDB8801AD81BFE008515E4 /* StyleGuruTests */,
				22EDB8971AD826C4008515E4 /* Frameworks */,
				22EDB8671AD81BFE008515E4 /* Products */,
			);
			sourceTree = "<group>";
		};
		22EDB8671AD81BFE008515E4 /* Products */ = {
			isa = PBXGroup;
			children = (
				22EDB8661AD81BFE008515E4 /* StyleGuru.app */,
				22EDB87D1AD81BFE008515E4 /* StyleGuruTests.xctest */,
			);
			name = Products;
			sourceTree = "<group>";
		};
		22EDB8681AD81BFE008515E4 /* StyleGuru */ = {
			isa = PBXGroup;
			children = (
				22A6CCE61ADBB1A400D70068 /* Chart Extensions */,
				22EDB8941AD821F6008515E4 /* App Construction */,
				22EDB88D1AD82162008515E4 /* Samples */,
				22EDB86B1AD81BFE008515E4 /* AppDelegate.swift */,
				22EDB86D1AD81BFE008515E4 /* MasterViewController.swift */,
				22EDB8711AD81BFE008515E4 /* Main.storyboard */,
				22EDB8741AD81BFE008515E4 /* Images.xcassets */,
				22EDB8761AD81BFE008515E4 /* LaunchScreen.xib */,
				22EDB8691AD81BFE008515E4 /* Supporting Files */,
			);
			path = StyleGuru;
			sourceTree = "<group>";
		};
		22EDB8691AD81BFE008515E4 /* Supporting Files */ = {
			isa = PBXGroup;
			children = (
				22EDB86A1AD81BFE008515E4 /* Info.plist */,
			);
			name = "Supporting Files";
			sourceTree = "<group>";
		};
		22EDB8801AD81BFE008515E4 /* StyleGuruTests */ = {
			isa = PBXGroup;
			children = (
				22EDB8831AD81BFE008515E4 /* StyleGuruTests.swift */,
				22EDB8811AD81BFE008515E4 /* Supporting Files */,
			);
			path = StyleGuruTests;
			sourceTree = "<group>";
		};
		22EDB8811AD81BFE008515E4 /* Supporting Files */ = {
			isa = PBXGroup;
			children = (
				22EDB8821AD81BFE008515E4 /* Info.plist */,
			);
			name = "Supporting Files";
			sourceTree = "<group>";
		};
		22EDB88D1AD82162008515E4 /* Samples */ = {
			isa = PBXGroup;
			children = (
				22EDB8931AD821E3008515E4 /* sparklines */,
				22EDB8921AD821DB008515E4 /* finance */,
				22EDB8911AD821D3008515E4 /* twitter */,
				22EDB8901AD82178008515E4 /* sport */,
			);
			name = Samples;
			sourceTree = "<group>";
		};
		22EDB8901AD82178008515E4 /* sport */ = {
			isa = PBXGroup;
			children = (
				227E6EA91ADD663800FE3442 /* running-data.plist */,
				227E6EAB1ADD685E00FE3442 /* RunningViewController.swift */,
				227E6EAD1ADD697200FE3442 /* RunningChartData.swift */,
				227E6EAF1ADD69A600FE3442 /* RunningData.swift */,
			);
			path = sport;
			sourceTree = "<group>";
		};
		22EDB8911AD821D3008515E4 /* twitter */ = {
			isa = PBXGroup;
			children = (
				22A6CCDB1ADBADBC00D70068 /* TwitterStatsViewController.swift */,
				222216B41ADBC2A000294F21 /* TwitterImpressions.plist */,
				222216B61ADBC5D300294F21 /* TwitterStatsData.swift */,
				222216B81ADBD9A600294F21 /* TwitterStatsChartData.swift */,
			);
			path = twitter;
			sourceTree = "<group>";
		};
		22EDB8921AD821DB008515E4 /* finance */ = {
			isa = PBXGroup;
			children = (
				227E6EB61ADE5E0D00FE3442 /* AAPL.csv */,
				227E6EB11ADE48A300FE3442 /* FinanceData.swift */,
				227E6EB81ADE5E9500FE3442 /* FinanceChartData.swift */,
				227E6EBA1ADE611F00FE3442 /* FinanceViewController.swift */,
			);
			path = finance;
			sourceTree = "<group>";
		};
		22EDB8931AD821E3008515E4 /* sparklines */ = {
			isa = PBXGroup;
			children = (
				227E6EBE1ADEA19600FE3442 /* healthspark.plist */,
			);
			path = sparklines;
			sourceTree = "<group>";
		};
		22EDB8941AD821F6008515E4 /* App Construction */ = {
			isa = PBXGroup;
			children = (
				22EDB8951AD82219008515E4 /* AppComponents.swift */,
			);
			name = "App Construction";
			sourceTree = "<group>";
		};
		22EDB8971AD826C4008515E4 /* Frameworks */ = {
			isa = PBXGroup;
			children = (
				227E6EB31ADE4C4F00FE3442 /* SwiftCSV.framework */,
				22A6CCE31ADBB06000D70068 /* OpenGLES.framework */,
				22A6CCE11ADBB05900D70068 /* libc++.dylib */,
				22A6CCDF1ADBB05100D70068 /* CoreText.framework */,
				22A6CCDD1ADBB04C00D70068 /* Security.framework */,
				22EDB8981AD826D0008515E4 /* ShinobiCharts.framework */,
			);
			name = Frameworks;
			sourceTree = "<group>";
		};
/* End PBXGroup section */

/* Begin PBXNativeTarget section */
		22EDB8651AD81BFE008515E4 /* StyleGuru */ = {
			isa = PBXNativeTarget;
			buildConfigurationList = 22EDB8871AD81BFE008515E4 /* Build configuration list for PBXNativeTarget "StyleGuru" */;
			buildPhases = (
				22EDB8621AD81BFE008515E4 /* Sources */,
				22EDB8631AD81BFE008515E4 /* Frameworks */,
				22EDB8641AD81BFE008515E4 /* Resources */,
				227E6EB51ADE4DC500FE3442 /* Carthage Copy Frameworks */,
			);
			buildRules = (
			);
			dependencies = (
			);
			name = StyleGuru;
			productName = StyleGuru;
			productReference = 22EDB8661AD81BFE008515E4 /* StyleGuru.app */;
			productType = "com.apple.product-type.application";
		};
		22EDB87C1AD81BFE008515E4 /* StyleGuruTests */ = {
			isa = PBXNativeTarget;
			buildConfigurationList = 22EDB88A1AD81BFE008515E4 /* Build configuration list for PBXNativeTarget "StyleGuruTests" */;
			buildPhases = (
				22EDB8791AD81BFE008515E4 /* Sources */,
				22EDB87A1AD81BFE008515E4 /* Frameworks */,
				22EDB87B1AD81BFE008515E4 /* Resources */,
			);
			buildRules = (
			);
			dependencies = (
				22EDB87F1AD81BFE008515E4 /* PBXTargetDependency */,
			);
			name = StyleGuruTests;
			productName = StyleGuruTests;
			productReference = 22EDB87D1AD81BFE008515E4 /* StyleGuruTests.xctest */;
			productType = "com.apple.product-type.bundle.unit-test";
		};
/* End PBXNativeTarget section */

/* Begin PBXProject section */
		22EDB85E1AD81BFE008515E4 /* Project object */ = {
			isa = PBXProject;
			attributes = {
				LastUpgradeCheck = 0630;
				ORGANIZATIONNAME = shinobicontrols;
				TargetAttributes = {
					22EDB8651AD81BFE008515E4 = {
						CreatedOnToolsVersion = 6.3;
					};
					22EDB87C1AD81BFE008515E4 = {
						CreatedOnToolsVersion = 6.3;
						TestTargetID = 22EDB8651AD81BFE008515E4;
					};
				};
			};
			buildConfigurationList = 22EDB8611AD81BFE008515E4 /* Build configuration list for PBXProject "StyleGuru" */;
			compatibilityVersion = "Xcode 3.2";
			developmentRegion = English;
			hasScannedForEncodings = 0;
			knownRegions = (
				en,
				Base,
			);
			mainGroup = 22EDB85D1AD81BFE008515E4;
			productRefGroup = 22EDB8671AD81BFE008515E4 /* Products */;
			projectDirPath = "";
			projectRoot = "";
			targets = (
				22EDB8651AD81BFE008515E4 /* StyleGuru */,
				22EDB87C1AD81BFE008515E4 /* StyleGuruTests */,
			);
		};
/* End PBXProject section */

/* Begin PBXResourcesBuildPhase section */
		22EDB8641AD81BFE008515E4 /* Resources */ = {
			isa = PBXResourcesBuildPhase;
			buildActionMask = 2147483647;
			files = (
				227E6EB71ADE5E0D00FE3442 /* AAPL.csv in Resources */,
				22EDB8731AD81BFE008515E4 /* Main.storyboard in Resources */,
				227E6EBF1ADEA19600FE3442 /* healthspark.plist in Resources */,
				227E6EAA1ADD663800FE3442 /* running-data.plist in Resources */,
				222216B51ADBC2A000294F21 /* TwitterImpressions.plist in Resources */,
				22EDB8781AD81BFE008515E4 /* LaunchScreen.xib in Resources */,
				22EDB8751AD81BFE008515E4 /* Images.xcassets in Resources */,
			);
			runOnlyForDeploymentPostprocessing = 0;
		};
		22EDB87B1AD81BFE008515E4 /* Resources */ = {
			isa = PBXResourcesBuildPhase;
			buildActionMask = 2147483647;
			files = (
			);
			runOnlyForDeploymentPostprocessing = 0;
		};
/* End PBXResourcesBuildPhase section */

/* Begin PBXShellScriptBuildPhase section */
		227E6EB51ADE4DC500FE3442 /* Carthage Copy Frameworks */ = {
			isa = PBXShellScriptBuildPhase;
			buildActionMask = 2147483647;
			files = (
			);
			inputPaths = (
				"$(SRCROOT)/Carthage/Build/iOS/SwiftCSV.framework",
			);
			name = "Carthage Copy Frameworks";
			outputPaths = (
			);
			runOnlyForDeploymentPostprocessing = 0;
			shellPath = /bin/sh;
			shellScript = "if [ -e /usr/local/bin/carthage ]; then\n/usr/local/bin/carthage copy-frameworks\nelse\necho \"warning: Unable to find carthage. This build will not work for the app store. Install carthage to fix this.\"\nfi";
		};
/* End PBXShellScriptBuildPhase section */

/* Begin PBXSourcesBuildPhase section */
		22EDB8621AD81BFE008515E4 /* Sources */ = {
			isa = PBXSourcesBuildPhase;
			buildActionMask = 2147483647;
			files = (
				222216B91ADBD9A600294F21 /* TwitterStatsChartData.swift in Sources */,
				227E6EB01ADD69A600FE3442 /* RunningData.swift in Sources */,
				22A6CCE81ADBB1CC00D70068 /* EmptyDatasourceChart.swift in Sources */,
				222216B71ADBC5D300294F21 /* TwitterStatsData.swift in Sources */,
				22EDB8961AD82219008515E4 /* AppComponents.swift in Sources */,
				227E6EAE1ADD697200FE3442 /* RunningChartData.swift in Sources */,
				227E6EBB1ADE611F00FE3442 /* FinanceViewController.swift in Sources */,
				22A6CCDC1ADBADBC00D70068 /* TwitterStatsViewController.swift in Sources */,
				227E6EB21ADE48A300FE3442 /* FinanceData.swift in Sources */,
				22EDB86E1AD81BFE008515E4 /* MasterViewController.swift in Sources */,
				227E6EB91ADE5E9500FE3442 /* FinanceChartData.swift in Sources */,
				227E6EAC1ADD685E00FE3442 /* RunningViewController.swift in Sources */,
				22EDB86C1AD81BFE008515E4 /* AppDelegate.swift in Sources */,
			);
			runOnlyForDeploymentPostprocessing = 0;
		};
		22EDB8791AD81BFE008515E4 /* Sources */ = {
			isa = PBXSourcesBuildPhase;
			buildActionMask = 2147483647;
			files = (
				22EDB8841AD81BFE008515E4 /* StyleGuruTests.swift in Sources */,
			);
			runOnlyForDeploymentPostprocessing = 0;
		};
/* End PBXSourcesBuildPhase section */

/* Begin PBXTargetDependency section */
		22EDB87F1AD81BFE008515E4 /* PBXTargetDependency */ = {
			isa = PBXTargetDependency;
			target = 22EDB8651AD81BFE008515E4 /* StyleGuru */;
			targetProxy = 22EDB87E1AD81BFE008515E4 /* PBXContainerItemProxy */;
		};
/* End PBXTargetDependency section */

/* Begin PBXVariantGroup section */
		22EDB8711AD81BFE008515E4 /* Main.storyboard */ = {
			isa = PBXVariantGroup;
			children = (
				22EDB8721AD81BFE008515E4 /* Base */,
			);
			name = Main.storyboard;
			sourceTree = "<group>";
		};
		22EDB8761AD81BFE008515E4 /* LaunchScreen.xib */ = {
			isa = PBXVariantGroup;
			children = (
				22EDB8771AD81BFE008515E4 /* Base */,
			);
			name = LaunchScreen.xib;
			sourceTree = "<group>";
		};
/* End PBXVariantGroup section */

/* Begin XCBuildConfiguration section */
		22EDB8851AD81BFE008515E4 /* Debug */ = {
			isa = XCBuildConfiguration;
			buildSettings = {
				ALWAYS_SEARCH_USER_PATHS = NO;
				CLANG_CXX_LANGUAGE_STANDARD = "gnu++0x";
				CLANG_CXX_LIBRARY = "libc++";
				CLANG_ENABLE_MODULES = YES;
				CLANG_ENABLE_OBJC_ARC = YES;
				CLANG_WARN_BOOL_CONVERSION = YES;
				CLANG_WARN_CONSTANT_CONVERSION = YES;
				CLANG_WARN_DIRECT_OBJC_ISA_USAGE = YES_ERROR;
				CLANG_WARN_EMPTY_BODY = YES;
				CLANG_WARN_ENUM_CONVERSION = YES;
				CLANG_WARN_INT_CONVERSION = YES;
				CLANG_WARN_OBJC_ROOT_CLASS = YES_ERROR;
				CLANG_WARN_UNREACHABLE_CODE = YES;
				CLANG_WARN__DUPLICATE_METHOD_MATCH = YES;
				"CODE_SIGN_IDENTITY[sdk=iphoneos*]" = "iPhone Developer";
				COPY_PHASE_STRIP = NO;
				DEBUG_INFORMATION_FORMAT = "dwarf-with-dsym";
				ENABLE_STRICT_OBJC_MSGSEND = YES;
				GCC_C_LANGUAGE_STANDARD = gnu99;
				GCC_DYNAMIC_NO_PIC = NO;
				GCC_NO_COMMON_BLOCKS = YES;
				GCC_OPTIMIZATION_LEVEL = 0;
				GCC_PREPROCESSOR_DEFINITIONS = (
					"DEBUG=1",
					"$(inherited)",
				);
				GCC_SYMBOLS_PRIVATE_EXTERN = NO;
				GCC_WARN_64_TO_32_BIT_CONVERSION = YES;
				GCC_WARN_ABOUT_RETURN_TYPE = YES_ERROR;
				GCC_WARN_UNDECLARED_SELECTOR = YES;
				GCC_WARN_UNINITIALIZED_AUTOS = YES_AGGRESSIVE;
				GCC_WARN_UNUSED_FUNCTION = YES;
				GCC_WARN_UNUSED_VARIABLE = YES;
				IPHONEOS_DEPLOYMENT_TARGET = 8.3;
				MTL_ENABLE_DEBUG_INFO = YES;
				ONLY_ACTIVE_ARCH = YES;
				SDKROOT = iphoneos;
				SWIFT_OPTIMIZATION_LEVEL = "-Onone";
				TARGETED_DEVICE_FAMILY = "1,2";
			};
			name = Debug;
		};
		22EDB8861AD81BFE008515E4 /* Release */ = {
			isa = XCBuildConfiguration;
			buildSettings = {
				ALWAYS_SEARCH_USER_PATHS = NO;
				CLANG_CXX_LANGUAGE_STANDARD = "gnu++0x";
				CLANG_CXX_LIBRARY = "libc++";
				CLANG_ENABLE_MODULES = YES;
				CLANG_ENABLE_OBJC_ARC = YES;
				CLANG_WARN_BOOL_CONVERSION = YES;
				CLANG_WARN_CONSTANT_CONVERSION = YES;
				CLANG_WARN_DIRECT_OBJC_ISA_USAGE = YES_ERROR;
				CLANG_WARN_EMPTY_BODY = YES;
				CLANG_WARN_ENUM_CONVERSION = YES;
				CLANG_WARN_INT_CONVERSION = YES;
				CLANG_WARN_OBJC_ROOT_CLASS = YES_ERROR;
				CLANG_WARN_UNREACHABLE_CODE = YES;
				CLANG_WARN__DUPLICATE_METHOD_MATCH = YES;
				"CODE_SIGN_IDENTITY[sdk=iphoneos*]" = "iPhone Developer";
				COPY_PHASE_STRIP = NO;
				DEBUG_INFORMATION_FORMAT = "dwarf-with-dsym";
				ENABLE_NS_ASSERTIONS = NO;
				ENABLE_STRICT_OBJC_MSGSEND = YES;
				GCC_C_LANGUAGE_STANDARD = gnu99;
				GCC_NO_COMMON_BLOCKS = YES;
				GCC_WARN_64_TO_32_BIT_CONVERSION = YES;
				GCC_WARN_ABOUT_RETURN_TYPE = YES_ERROR;
				GCC_WARN_UNDECLARED_SELECTOR = YES;
				GCC_WARN_UNINITIALIZED_AUTOS = YES_AGGRESSIVE;
				GCC_WARN_UNUSED_FUNCTION = YES;
				GCC_WARN_UNUSED_VARIABLE = YES;
				IPHONEOS_DEPLOYMENT_TARGET = 8.3;
				MTL_ENABLE_DEBUG_INFO = NO;
				SDKROOT = iphoneos;
				TARGETED_DEVICE_FAMILY = "1,2";
				VALIDATE_PRODUCT = YES;
			};
			name = Release;
		};
		22EDB8881AD81BFE008515E4 /* Debug */ = {
			isa = XCBuildConfiguration;
			buildSettings = {
				ASSETCATALOG_COMPILER_APPICON_NAME = AppIcon;
				FRAMEWORK_SEARCH_PATHS = (
					"$(inherited)",
					"$(PROJECT_DIR)",
					"$(PROJECT_DIR)/Carthage/Build/iOS",
				);
				INFOPLIST_FILE = StyleGuru/Info.plist;
				LD_RUNPATH_SEARCH_PATHS = "$(inherited) @executable_path/Frameworks";
				PRODUCT_NAME = "$(TARGET_NAME)";
				SWIFT_OBJC_BRIDGING_HEADER = "$(SRCROOT)/ShinobiCharts.framework/Headers/ShinobiChart-Bridging-Header.h";
			};
			name = Debug;
		};
		22EDB8891AD81BFE008515E4 /* Release */ = {
			isa = XCBuildConfiguration;
			buildSettings = {
				ASSETCATALOG_COMPILER_APPICON_NAME = AppIcon;
				FRAMEWORK_SEARCH_PATHS = (
					"$(inherited)",
					"$(PROJECT_DIR)",
					"$(PROJECT_DIR)/Carthage/Build/iOS",
				);
				INFOPLIST_FILE = StyleGuru/Info.plist;
				LD_RUNPATH_SEARCH_PATHS = "$(inherited) @executable_path/Frameworks";
				PRODUCT_NAME = "$(TARGET_NAME)";
				SWIFT_OBJC_BRIDGING_HEADER = "$(SRCROOT)/ShinobiCharts.framework/Headers/ShinobiChart-Bridging-Header.h";
			};
			name = Release;
		};
		22EDB88B1AD81BFE008515E4 /* Debug */ = {
			isa = XCBuildConfiguration;
			buildSettings = {
				BUNDLE_LOADER = "$(TEST_HOST)";
				FRAMEWORK_SEARCH_PATHS = (
					"$(SDKROOT)/Developer/Library/Frameworks",
					"$(inherited)",
				);
				GCC_PREPROCESSOR_DEFINITIONS = (
					"DEBUG=1",
					"$(inherited)",
				);
				INFOPLIST_FILE = StyleGuruTests/Info.plist;
				LD_RUNPATH_SEARCH_PATHS = "$(inherited) @executable_path/Frameworks @loader_path/Frameworks";
				PRODUCT_NAME = "$(TARGET_NAME)";
				TEST_HOST = "$(BUILT_PRODUCTS_DIR)/StyleGuru.app/StyleGuru";
			};
			name = Debug;
		};
		22EDB88C1AD81BFE008515E4 /* Release */ = {
			isa = XCBuildConfiguration;
			buildSettings = {
				BUNDLE_LOADER = "$(TEST_HOST)";
				FRAMEWORK_SEARCH_PATHS = (
					"$(SDKROOT)/Developer/Library/Frameworks",
					"$(inherited)",
				);
				INFOPLIST_FILE = StyleGuruTests/Info.plist;
				LD_RUNPATH_SEARCH_PATHS = "$(inherited) @executable_path/Frameworks @loader_path/Frameworks";
				PRODUCT_NAME = "$(TARGET_NAME)";
				TEST_HOST = "$(BUILT_PRODUCTS_DIR)/StyleGuru.app/StyleGuru";
			};
			name = Release;
		};
/* End XCBuildConfiguration section */

/* Begin XCConfigurationList section */
		22EDB8611AD81BFE008515E4 /* Build configuration list for PBXProject "StyleGuru" */ = {
			isa = XCConfigurationList;
			buildConfigurations = (
				22EDB8851AD81BFE008515E4 /* Debug */,
				22EDB8861AD81BFE008515E4 /* Release */,
			);
			defaultConfigurationIsVisible = 0;
			defaultConfigurationName = Release;
		};
		22EDB8871AD81BFE008515E4 /* Build configuration list for PBXNativeTarget "StyleGuru" */ = {
			isa = XCConfigurationList;
			buildConfigurations = (
				22EDB8881AD81BFE008515E4 /* Debug */,
				22EDB8891AD81BFE008515E4 /* Release */,
			);
			defaultConfigurationIsVisible = 0;
			defaultConfigurationName = Release;
		};
		22EDB88A1AD81BFE008515E4 /* Build configuration list for PBXNativeTarget "StyleGuruTests" */ = {
			isa = XCConfigurationList;
			buildConfigurations = (
				22EDB88B1AD81BFE008515E4 /* Debug */,
				22EDB88C1AD81BFE008515E4 /* Release */,
			);
			defaultConfigurationIsVisible = 0;
			defaultConfigurationName = Release;
		};
/* End XCConfigurationList section */
	};
	rootObject = 22EDB85E1AD81BFE008515E4 /* Project object */;
}
